github.com/ryan29871/hello-world v1.0.0 h1:HC3aEudwaaXd2p01LySg0xpPj2cpbCXzCvkG8U1pHvo=
github.com/ryan29871/hello-world v1.0.0/go.mod h1:Uh8z9x0G7D9We338c/sBrfZTTp2hHyXIiwHxvxe0UQ0=
github.com/ryan29871/hello-world v1.0.2 h1:0SHJ2D362VfspGZJS7jUP593rH5r1AFJqdwFTX81BhA=
github.com/ryan29871/hello-world v1.0.2/go.mod h1:Uh8z9x0G7D9We338c/sBrfZTTp2hHyXIiwHxvxe0UQ0=
github.com/ryan29871/hello-world/v2 v2.0.0 h1:v3QPOV+q5jb8zARuSKBgGzlmW64xgitp2KulsbRwAEw=
github.com/ryan29871/hello-world/v2 v2.0.0/go.mod h1:vVBtAtKsiup7EQzIFdS3Qrds0Xqkjz5ejq1dmVyB3Po=
